
Microsoft Visual Studio Solution File, Format Version 12.00
# Visual Studio Version 17
VisualStudioVersion = 17.0.31903.59
MinimumVisualStudioVersion = 10.0.40219.1
Project("{2150E333-8FDC-42A3-9474-1A3956D46DE8}") = "src", "src", "{827E0CD3-B72D-47B6-A68D-7590B98EB39B}"
EndProject
Project("{FAE04EC0-301F-11D3-BF4B-00C04F79EFBC}") = "AsliApp.Api", "src\AsliApp.Api\AsliApp.Api.csproj", "{AD00E0DB-6AAB-4A14-82A5-A2F881663F6C}"
EndProject
Project("{FAE04EC0-301F-11D3-BF4B-00C04F79EFBC}") = "AsliApp.Domain", "src\AsliApp.Domain\AsliApp.Domain.csproj", "{509939C6-0081-4AC3-99E4-9C0823C38091}"
EndProject
Project("{FAE04EC0-301F-11D3-BF4B-00C04F79EFBC}") = "AsliApp.Infrastructure", "src\AsliApp.Infrastructure\AsliApp.Infrastructure.csproj", "{9AFE7E7D-BD7C-4985-BD67-8FE8677B892B}"
EndProject
Project("{2150E333-8FDC-42A3-9474-1A3956D46DE8}") = "tests", "tests", "{0AB3BF05-4346-4AA6-1389-037BE0695223}"
EndProject
Project("{FAE04EC0-301F-11D3-BF4B-00C04F79EFBC}") = "AsliApp.Domain.Tests", "tests\AsliApp.Domain.Tests\AsliApp.Domain.Tests.csproj", "{AC554FF7-4E81-4494-9E1A-885A109EABDF}"
EndProject
Global
	GlobalSection(SolutionConfigurationPlatforms) = preSolution
		Debug|Any CPU = Debug|Any CPU
		Debug|x64 = Debug|x64
		Debug|x86 = Debug|x86
		Release|Any CPU = Release|Any CPU
		Release|x64 = Release|x64
		Release|x86 = Release|x86
	EndGlobalSection
	GlobalSection(ProjectConfigurationPlatforms) = postSolution
		{AD00E0DB-6AAB-4A14-82A5-A2F881663F6C}.Debug|Any CPU.ActiveCfg = Debug|Any CPU
		{AD00E0DB-6AAB-4A14-82A5-A2F881663F6C}.Debug|Any CPU.Build.0 = Debug|Any CPU
		{AD00E0DB-6AAB-4A14-82A5-A2F881663F6C}.Debug|x64.ActiveCfg = Debug|Any CPU
		{AD00E0DB-6AAB-4A14-82A5-A2F881663F6C}.Debug|x64.Build.0 = Debug|Any CPU
		{AD00E0DB-6AAB-4A14-82A5-A2F881663F6C}.Debug|x86.ActiveCfg = Debug|Any CPU
		{AD00E0DB-6AAB-4A14-82A5-A2F881663F6C}.Debug|x86.Build.0 = Debug|Any CPU
		{AD00E0DB-6AAB-4A14-82A5-A2F881663F6C}.Release|Any CPU.ActiveCfg = Release|Any CPU
		{AD00E0DB-6AAB-4A14-82A5-A2F881663F6C}.Release|Any CPU.Build.0 = Release|Any CPU
		{AD00E0DB-6AAB-4A14-82A5-A2F881663F6C}.Release|x64.ActiveCfg = Release|Any CPU
		{AD00E0DB-6AAB-4A14-82A5-A2F881663F6C}.Release|x64.Build.0 = Release|Any CPU
		{AD00E0DB-6AAB-4A14-82A5-A2F881663F6C}.Release|x86.ActiveCfg = Release|Any CPU
		{AD00E0DB-6AAB-4A14-82A5-A2F881663F6C}.Release|x86.Build.0 = Release|Any CPU
		{509939C6-0081-4AC3-99E4-9C0823C38091}.Debug|Any CPU.ActiveCfg = Debug|Any CPU
		{509939C6-0081-4AC3-99E4-9C0823C38091}.Debug|Any CPU.Build.0 = Debug|Any CPU
		{509939C6-0081-4AC3-99E4-9C0823C38091}.Debug|x64.ActiveCfg = Debug|Any CPU
		{509939C6-0081-4AC3-99E4-9C0823C38091}.Debug|x64.Build.0 = Debug|Any CPU
		{509939C6-0081-4AC3-99E4-9C0823C38091}.Debug|x86.ActiveCfg = Debug|Any CPU
		{509939C6-0081-4AC3-99E4-9C0823C38091}.Debug|x86.Build.0 = Debug|Any CPU
		{509939C6-0081-4AC3-99E4-9C0823C38091}.Release|Any CPU.ActiveCfg = Release|Any CPU
		{509939C6-0081-4AC3-99E4-9C0823C38091}.Release|Any CPU.Build.0 = Release|Any CPU
		{509939C6-0081-4AC3-99E4-9C0823C38091}.Release|x64.ActiveCfg = Release|Any CPU
		{509939C6-0081-4AC3-99E4-9C0823C38091}.Release|x64.Build.0 = Release|Any CPU
		{509939C6-0081-4AC3-99E4-9C0823C38091}.Release|x86.ActiveCfg = Release|Any CPU
		{509939C6-0081-4AC3-99E4-9C0823C38091}.Release|x86.Build.0 = Release|Any CPU
		{9AFE7E7D-BD7C-4985-BD67-8FE8677B892B}.Debug|Any CPU.ActiveCfg = Debug|Any CPU
		{9AFE7E7D-BD7C-4985-BD67-8FE8677B892B}.Debug|Any CPU.Build.0 = Debug|Any CPU
		{9AFE7E7D-BD7C-4985-BD67-8FE8677B892B}.Debug|x64.ActiveCfg = Debug|Any CPU
		{9AFE7E7D-BD7C-4985-BD67-8FE8677B892B}.Debug|x64.Build.0 = Debug|Any CPU
		{9AFE7E7D-BD7C-4985-BD67-8FE8677B892B}.Debug|x86.ActiveCfg = Debug|Any CPU
		{9AFE7E7D-BD7C-4985-BD67-8FE8677B892B}.Debug|x86.Build.0 = Debug|Any CPU
		{9AFE7E7D-BD7C-4985-BD67-8FE8677B892B}.Release|Any CPU.ActiveCfg = Release|Any CPU
		{9AFE7E7D-BD7C-4985-BD67-8FE8677B892B}.Release|Any CPU.Build.0 = Release|Any CPU
		{9AFE7E7D-BD7C-4985-BD67-8FE8677B892B}.Release|x64.ActiveCfg = Release|Any CPU
		{9AFE7E7D-BD7C-4985-BD67-8FE8677B892B}.Release|x64.Build.0 = Release|Any CPU
		{9AFE7E7D-BD7C-4985-BD67-8FE8677B892B}.Release|x86.ActiveCfg = Release|Any CPU
		{9AFE7E7D-BD7C-4985-BD67-8FE8677B892B}.Release|x86.Build.0 = Release|Any CPU
		{AC554FF7-4E81-4494-9E1A-885A109EABDF}.Debug|Any CPU.ActiveCfg = Debug|Any CPU
		{AC554FF7-4E81-4494-9E1A-885A109EABDF}.Debug|Any CPU.Build.0 = Debug|Any CPU
		{AC554FF7-4E81-4494-9E1A-885A109EABDF}.Debug|x64.ActiveCfg = Debug|Any CPU
		{AC554FF7-4E81-4494-9E1A-885A109EABDF}.Debug|x64.Build.0 = Debug|Any CPU
		{AC554FF7-4E81-4494-9E1A-885A109EABDF}.Debug|x86.ActiveCfg = Debug|Any CPU
		{AC554FF7-4E81-4494-9E1A-885A109EABDF}.Debug|x86.Build.0 = Debug|Any CPU
		{AC554FF7-4E81-4494-9E1A-885A109EABDF}.Release|Any CPU.ActiveCfg = Release|Any CPU
		{AC554FF7-4E81-4494-9E1A-885A109EABDF}.Release|Any CPU.Build.0 = Release|Any CPU
		{AC554FF7-4E81-4494-9E1A-885A109EABDF}.Release|x64.ActiveCfg = Release|Any CPU
		{AC554FF7-4E81-4494-9E1A-885A109EABDF}.Release|x64.Build.0 = Release|Any CPU
		{AC554FF7-4E81-4494-9E1A-885A109EABDF}.Release|x86.ActiveCfg = Release|Any CPU
		{AC554FF7-4E81-4494-9E1A-885A109EABDF}.Release|x86.Build.0 = Release|Any CPU
	EndGlobalSection
	GlobalSection(SolutionProperties) = preSolution
		HideSolutionNode = FALSE
	EndGlobalSection
	GlobalSection(NestedProjects) = preSolution
		{AD00E0DB-6AAB-4A14-82A5-A2F881663F6C} = {827E0CD3-B72D-47B6-A68D-7590B98EB39B}
		{509939C6-0081-4AC3-99E4-9C0823C38091} = {827E0CD3-B72D-47B6-A68D-7590B98EB39B}
		{9AFE7E7D-BD7C-4985-BD67-8FE8677B892B} = {827E0CD3-B72D-47B6-A68D-7590B98EB39B}
		{AC554FF7-4E81-4494-9E1A-885A109EABDF} = {0AB3BF05-4346-4AA6-1389-037BE0695223}
	EndGlobalSection
EndGlobal
